
Microsoft Visual Studio Solution File, Format Version 12.00
# Visual Studio Version 17
VisualStudioVersion = 17.8.34330.188
MinimumVisualStudioVersion = 10.0.40219.1
Project("{FAE04EC0-301F-11D3-BF4B-00C04F79EFBC}") = "BmwScannerApi", "BmwScannerApi\BmwScannerApi.csproj", "{FC103840-3026-412C-A8A7-768D76706721}"
EndProject
Global
	GlobalSection(SolutionConfigurationPlatforms) = preSolution
		Debug|Any CPU = Debug|Any CPU
		Release|Any CPU = Release|Any CPU
	EndGlobalSection
	GlobalSection(ProjectConfigurationPlatforms) = postSolution
		{FC103840-3026-412C-A8A7-768D76706721}.Debug|Any CPU.ActiveCfg = Debug|Any CPU
		{FC103840-3026-412C-A8A7-768D76706721}.Debug|Any CPU.Build.0 = Debug|Any CPU
		{FC103840-3026-412C-A8A7-768D76706721}.Release|Any CPU.ActiveCfg = Release|Any CPU
		{FC103840-3026-412C-A8A7-768D76706721}.Release|Any CPU.Build.0 = Release|Any CPU
	EndGlobalSection
	GlobalSection(SolutionProperties) = preSolution
		HideSolutionNode = FALSE
	EndGlobalSection
	GlobalSection(ExtensibilityGlobals) = postSolution
		SolutionGuid = {09D6C32F-DC5A-4715-879B-B7BD8F3DAFAF}
	EndGlobalSection
EndGlobal
